# This file is automatically @generated by Cargo.
# It is not intended for manual editing.
version = 4

[[package]]
name = "mors-adapters"
version = "0.1.0"
dependencies = [
 "mors-domain",
]

[[package]]
name = "mors-coordinator"
version = "0.1.0"
dependencies = [
 "mors-adapters",
 "mors-domain",
 "mors-platform",
]

[[package]]
name = "mors-core"
version = "0.1.0"

[[package]]
name = "mors-domain"
version = "0.1.0"

[[package]]
name = "mors-platform"
version = "0.1.0"
dependencies = [
 "mors-domain",
]
